
Microsoft Visual Studio Solution File, Format Version 12.00
# Visual Studio Version 17
VisualStudioVersion = 17.11.35303.130
MinimumVisualStudioVersion = 10.0.40219.1
Project("{2150E333-8FDC-42A3-9474-1A3956D46DE8}") = "Solution Items", "Solution Items", "{CA508503-D311-41DF-A24C-7F4C9AB22C8E}"
	ProjectSection(SolutionItems) = preProject
		.editorconfig = .editorconfig
		Directory.Build.props = Directory.Build.props
		README.md = README.md
	EndProjectSection
EndProject
Project("{2150E333-8FDC-42A3-9474-1A3956D46DE8}") = "API", "API", "{291B995B-4B48-4C0D-9598-D7ACBB567849}"
EndProject
Project("{2150E333-8FDC-42A3-9474-1A3956D46DE8}") = "Modules", "Modules", "{4C2AE9E7-B2C8-419D-BF9B-68CD7AAFFB6F}"
EndProject
Project("{2150E333-8FDC-42A3-9474-1A3956D46DE8}") = "Events", "Events", "{FACC544D-50AD-427F-AF72-6191384B2B48}"
EndProject
Project("{9A19103F-16F7-4668-BE54-9A1E7A4F7556}") = "Evently.Api", "Evently.Api\Evently.Api.csproj", "{14556171-C599-46C1-81E9-51340A8CA4DF}"
EndProject
Project("{E53339B2-1760-4266-BCC7-CA923CBCF16C}") = "docker-compose", "docker-compose.dcproj", "{B15D76D3-3EE6-4095-8B9E-5F666BE8B505}"
EndProject
Project("{9A19103F-16F7-4668-BE54-9A1E7A4F7556}") = "Evently.Modules.Events.Domain", "Evently.Modules.Events.Domain\Evently.Modules.Events.Domain.csproj", "{48112033-30C7-4279-A678-25C1407773F5}"
EndProject
Project("{9A19103F-16F7-4668-BE54-9A1E7A4F7556}") = "Evently.Modules.Events.Application", "Evently.Modules.Events.Application\Evently.Modules.Events.Application.csproj", "{1E62BD86-EC83-4811-A890-371F2EE8BA3F}"
EndProject
Project("{9A19103F-16F7-4668-BE54-9A1E7A4F7556}") = "Evently.Modules.Events.Infrastructure", "Evently.Modules.Events.Infrastructure\Evently.Modules.Events.Infrastructure.csproj", "{40F99BD1-B44E-4595-94F6-F1861CC6A5AA}"
EndProject
Project("{9A19103F-16F7-4668-BE54-9A1E7A4F7556}") = "Evently.Modules.Events.Presentation", "Evently.Modules.Events.Presentation\Evently.Modules.Events.Presentation.csproj", "{210EBB56-1475-4395-9E96-B88F912FD227}"
EndProject
Project("{2150E333-8FDC-42A3-9474-1A3956D46DE8}") = "Common", "Common", "{B4555622-30A2-4B01-B1E8-EB4B7F68B8AD}"
EndProject
Project("{9A19103F-16F7-4668-BE54-9A1E7A4F7556}") = "Evently.Common.Application", "Evently.Common.Application\Evently.Common.Application.csproj", "{37143B10-4BA9-497B-B9C6-0779DADFE257}"
EndProject
Project("{9A19103F-16F7-4668-BE54-9A1E7A4F7556}") = "Evently.Common.Domain", "Evently.Common.Domain\Evently.Common.Domain.csproj", "{EF8B6214-BE7F-44A9-AD9E-4187E72442A0}"
EndProject
Project("{9A19103F-16F7-4668-BE54-9A1E7A4F7556}") = "Evently.Common.Infrastructure", "Evently.Common.Infrastructure\Evently.Common.Infrastructure.csproj", "{52A53209-9FD2-4153-BDBB-88A65C0DF7CA}"
EndProject
Project("{9A19103F-16F7-4668-BE54-9A1E7A4F7556}") = "Evently.Common.Presentation", "Evently.Common.Presentation\Evently.Common.Presentation.csproj", "{89582815-94F1-475B-9709-0F149EFD1F91}"
EndProject
Project("{2150E333-8FDC-42A3-9474-1A3956D46DE8}") = "Users", "Users", "{045F15B6-1340-42D2-B0FB-D2BA1724B723}"
EndProject
Project("{FAE04EC0-301F-11D3-BF4B-00C04F79EFBC}") = "Evently.Modules.Users.Application", "Evently.Modules.Users.Application\Evently.Modules.Users.Application.csproj", "{5B8E0C14-5B1B-419A-B0CD-2A18BDD4EFBE}"
EndProject
Project("{FAE04EC0-301F-11D3-BF4B-00C04F79EFBC}") = "Evently.Modules.Users.Domain", "Evently.Modules.Users.Domain\Evently.Modules.Users.Domain.csproj", "{106AD28A-23AE-43D3-B604-DE84A90D7305}"
EndProject
Project("{FAE04EC0-301F-11D3-BF4B-00C04F79EFBC}") = "Evently.Modules.Users.Infrastructure", "Evently.Modules.Users.Infrastructure\Evently.Modules.Users.Infrastructure.csproj", "{7A7F5123-E9CA-444B-8BC2-1E94A5AA441A}"
EndProject
Project("{FAE04EC0-301F-11D3-BF4B-00C04F79EFBC}") = "Evently.Modules.Users.Presentation", "Evently.Modules.Users.Presentation\Evently.Modules.Users.Presentation.csproj", "{3AC2C2F6-C2E0-4CBD-921D-F3319D0C5F00}"
EndProject
Global
	GlobalSection(SolutionConfigurationPlatforms) = preSolution
		Debug|Any CPU = Debug|Any CPU
		Release|Any CPU = Release|Any CPU
	EndGlobalSection
	GlobalSection(ProjectConfigurationPlatforms) = postSolution
		{14556171-C599-46C1-81E9-51340A8CA4DF}.Debug|Any CPU.ActiveCfg = Debug|Any CPU
		{14556171-C599-46C1-81E9-51340A8CA4DF}.Debug|Any CPU.Build.0 = Debug|Any CPU
		{14556171-C599-46C1-81E9-51340A8CA4DF}.Release|Any CPU.ActiveCfg = Release|Any CPU
		{14556171-C599-46C1-81E9-51340A8CA4DF}.Release|Any CPU.Build.0 = Release|Any CPU
		{B15D76D3-3EE6-4095-8B9E-5F666BE8B505}.Debug|Any CPU.ActiveCfg = Debug|Any CPU
		{B15D76D3-3EE6-4095-8B9E-5F666BE8B505}.Debug|Any CPU.Build.0 = Debug|Any CPU
		{B15D76D3-3EE6-4095-8B9E-5F666BE8B505}.Release|Any CPU.ActiveCfg = Release|Any CPU
		{B15D76D3-3EE6-4095-8B9E-5F666BE8B505}.Release|Any CPU.Build.0 = Release|Any CPU
		{48112033-30C7-4279-A678-25C1407773F5}.Debug|Any CPU.ActiveCfg = Debug|Any CPU
		{48112033-30C7-4279-A678-25C1407773F5}.Debug|Any CPU.Build.0 = Debug|Any CPU
		{48112033-30C7-4279-A678-25C1407773F5}.Release|Any CPU.ActiveCfg = Release|Any CPU
		{48112033-30C7-4279-A678-25C1407773F5}.Release|Any CPU.Build.0 = Release|Any CPU
		{1E62BD86-EC83-4811-A890-371F2EE8BA3F}.Debug|Any CPU.ActiveCfg = Debug|Any CPU
		{1E62BD86-EC83-4811-A890-371F2EE8BA3F}.Debug|Any CPU.Build.0 = Debug|Any CPU
		{1E62BD86-EC83-4811-A890-371F2EE8BA3F}.Release|Any CPU.ActiveCfg = Release|Any CPU
		{1E62BD86-EC83-4811-A890-371F2EE8BA3F}.Release|Any CPU.Build.0 = Release|Any CPU
		{40F99BD1-B44E-4595-94F6-F1861CC6A5AA}.Debug|Any CPU.ActiveCfg = Debug|Any CPU
		{40F99BD1-B44E-4595-94F6-F1861CC6A5AA}.Debug|Any CPU.Build.0 = Debug|Any CPU
		{40F99BD1-B44E-4595-94F6-F1861CC6A5AA}.Release|Any CPU.ActiveCfg = Release|Any CPU
		{40F99BD1-B44E-4595-94F6-F1861CC6A5AA}.Release|Any CPU.Build.0 = Release|Any CPU
		{210EBB56-1475-4395-9E96-B88F912FD227}.Debug|Any CPU.ActiveCfg = Debug|Any CPU
		{210EBB56-1475-4395-9E96-B88F912FD227}.Debug|Any CPU.Build.0 = Debug|Any CPU
		{210EBB56-1475-4395-9E96-B88F912FD227}.Release|Any CPU.ActiveCfg = Release|Any CPU
		{210EBB56-1475-4395-9E96-B88F912FD227}.Release|Any CPU.Build.0 = Release|Any CPU
		{37143B10-4BA9-497B-B9C6-0779DADFE257}.Debug|Any CPU.ActiveCfg = Debug|Any CPU
		{37143B10-4BA9-497B-B9C6-0779DADFE257}.Debug|Any CPU.Build.0 = Debug|Any CPU
		{37143B10-4BA9-497B-B9C6-0779DADFE257}.Release|Any CPU.ActiveCfg = Release|Any CPU
		{37143B10-4BA9-497B-B9C6-0779DADFE257}.Release|Any CPU.Build.0 = Release|Any CPU
		{EF8B6214-BE7F-44A9-AD9E-4187E72442A0}.Debug|Any CPU.ActiveCfg = Debug|Any CPU
		{EF8B6214-BE7F-44A9-AD9E-4187E72442A0}.Debug|Any CPU.Build.0 = Debug|Any CPU
		{EF8B6214-BE7F-44A9-AD9E-4187E72442A0}.Release|Any CPU.ActiveCfg = Release|Any CPU
		{EF8B6214-BE7F-44A9-AD9E-4187E72442A0}.Release|Any CPU.Build.0 = Release|Any CPU
		{52A53209-9FD2-4153-BDBB-88A65C0DF7CA}.Debug|Any CPU.ActiveCfg = Debug|Any CPU
		{52A53209-9FD2-4153-BDBB-88A65C0DF7CA}.Debug|Any CPU.Build.0 = Debug|Any CPU
		{52A53209-9FD2-4153-BDBB-88A65C0DF7CA}.Release|Any CPU.ActiveCfg = Release|Any CPU
		{52A53209-9FD2-4153-BDBB-88A65C0DF7CA}.Release|Any CPU.Build.0 = Release|Any CPU
		{89582815-94F1-475B-9709-0F149EFD1F91}.Debug|Any CPU.ActiveCfg = Debug|Any CPU
		{89582815-94F1-475B-9709-0F149EFD1F91}.Debug|Any CPU.Build.0 = Debug|Any CPU
		{89582815-94F1-475B-9709-0F149EFD1F91}.Release|Any CPU.ActiveCfg = Release|Any CPU
		{89582815-94F1-475B-9709-0F149EFD1F91}.Release|Any CPU.Build.0 = Release|Any CPU
		{5B8E0C14-5B1B-419A-B0CD-2A18BDD4EFBE}.Debug|Any CPU.ActiveCfg = Debug|Any CPU
		{5B8E0C14-5B1B-419A-B0CD-2A18BDD4EFBE}.Debug|Any CPU.Build.0 = Debug|Any CPU
		{5B8E0C14-5B1B-419A-B0CD-2A18BDD4EFBE}.Release|Any CPU.ActiveCfg = Release|Any CPU
		{5B8E0C14-5B1B-419A-B0CD-2A18BDD4EFBE}.Release|Any CPU.Build.0 = Release|Any CPU
		{106AD28A-23AE-43D3-B604-DE84A90D7305}.Debug|Any CPU.ActiveCfg = Debug|Any CPU
		{106AD28A-23AE-43D3-B604-DE84A90D7305}.Debug|Any CPU.Build.0 = Debug|Any CPU
		{106AD28A-23AE-43D3-B604-DE84A90D7305}.Release|Any CPU.ActiveCfg = Release|Any CPU
		{106AD28A-23AE-43D3-B604-DE84A90D7305}.Release|Any CPU.Build.0 = Release|Any CPU
		{7A7F5123-E9CA-444B-8BC2-1E94A5AA441A}.Debug|Any CPU.ActiveCfg = Debug|Any CPU
		{7A7F5123-E9CA-444B-8BC2-1E94A5AA441A}.Debug|Any CPU.Build.0 = Debug|Any CPU
		{7A7F5123-E9CA-444B-8BC2-1E94A5AA441A}.Release|Any CPU.ActiveCfg = Release|Any CPU
		{7A7F5123-E9CA-444B-8BC2-1E94A5AA441A}.Release|Any CPU.Build.0 = Release|Any CPU
		{3AC2C2F6-C2E0-4CBD-921D-F3319D0C5F00}.Debug|Any CPU.ActiveCfg = Debug|Any CPU
		{3AC2C2F6-C2E0-4CBD-921D-F3319D0C5F00}.Debug|Any CPU.Build.0 = Debug|Any CPU
		{3AC2C2F6-C2E0-4CBD-921D-F3319D0C5F00}.Release|Any CPU.ActiveCfg = Release|Any CPU
		{3AC2C2F6-C2E0-4CBD-921D-F3319D0C5F00}.Release|Any CPU.Build.0 = Release|Any CPU
	EndGlobalSection
	GlobalSection(SolutionProperties) = preSolution
		HideSolutionNode = FALSE
	EndGlobalSection
	GlobalSection(NestedProjects) = preSolution
		{FACC544D-50AD-427F-AF72-6191384B2B48} = {4C2AE9E7-B2C8-419D-BF9B-68CD7AAFFB6F}
		{14556171-C599-46C1-81E9-51340A8CA4DF} = {291B995B-4B48-4C0D-9598-D7ACBB567849}
		{48112033-30C7-4279-A678-25C1407773F5} = {FACC544D-50AD-427F-AF72-6191384B2B48}
		{1E62BD86-EC83-4811-A890-371F2EE8BA3F} = {FACC544D-50AD-427F-AF72-6191384B2B48}
		{40F99BD1-B44E-4595-94F6-F1861CC6A5AA} = {FACC544D-50AD-427F-AF72-6191384B2B48}
		{210EBB56-1475-4395-9E96-B88F912FD227} = {FACC544D-50AD-427F-AF72-6191384B2B48}
		{37143B10-4BA9-497B-B9C6-0779DADFE257} = {B4555622-30A2-4B01-B1E8-EB4B7F68B8AD}
		{EF8B6214-BE7F-44A9-AD9E-4187E72442A0} = {B4555622-30A2-4B01-B1E8-EB4B7F68B8AD}
		{52A53209-9FD2-4153-BDBB-88A65C0DF7CA} = {B4555622-30A2-4B01-B1E8-EB4B7F68B8AD}
		{89582815-94F1-475B-9709-0F149EFD1F91} = {B4555622-30A2-4B01-B1E8-EB4B7F68B8AD}
		{045F15B6-1340-42D2-B0FB-D2BA1724B723} = {4C2AE9E7-B2C8-419D-BF9B-68CD7AAFFB6F}
		{5B8E0C14-5B1B-419A-B0CD-2A18BDD4EFBE} = {045F15B6-1340-42D2-B0FB-D2BA1724B723}
		{106AD28A-23AE-43D3-B604-DE84A90D7305} = {045F15B6-1340-42D2-B0FB-D2BA1724B723}
		{7A7F5123-E9CA-444B-8BC2-1E94A5AA441A} = {045F15B6-1340-42D2-B0FB-D2BA1724B723}
		{3AC2C2F6-C2E0-4CBD-921D-F3319D0C5F00} = {045F15B6-1340-42D2-B0FB-D2BA1724B723}
	EndGlobalSection
	GlobalSection(ExtensibilityGlobals) = postSolution
		SolutionGuid = {DA0ECAAE-F92D-4ECD-89E4-86491B1C10CD}
	EndGlobalSection
EndGlobal
